// !$*UTF8*$!
{
	archiveVersion = 1;
	classes = {
	};
	objectVersion = 46;
	objects = {

/* Begin PBXBuildFile section */
		4E110F4C1DD43FA3008E6F33 /* HTVideoAlbumViewController.m in Sources */ = {isa = PBXBuildFile; fileRef = 4E110F4B1DD43FA3008E6F33 /* HTVideoAlbumViewController.m */; };
		4E110F4F1DD4400E008E6F33 /* HTVideoPickerViewController.m in Sources */ = {isa = PBXBuildFile; fileRef = 4E110F4E1DD4400E008E6F33 /* HTVideoPickerViewController.m */; };
		4E2B26D51DD5CF9E00FF8266 /* HTMemoListViewController.m in Sources */ = {isa = PBXBuildFile; fileRef = 4E2B26D41DD5CF9E00FF8266 /* HTMemoListViewController.m */; };
		4E2B26D81DD5E29B00FF8266 /* HTMemoEditViewController.m in Sources */ = {isa = PBXBuildFile; fileRef = 4E2B26D71DD5E29B00FF8266 /* HTMemoEditViewController.m */; };
		4EDD84B71DD00B4B001CEE8B /* main.m in Sources */ = {isa = PBXBuildFile; fileRef = 4EDD84B61DD00B4B001CEE8B /* main.m */; };
		4EDD84BA1DD00B4B001CEE8B /* AppDelegate.m in Sources */ = {isa = PBXBuildFile; fileRef = 4EDD84B91DD00B4B001CEE8B /* AppDelegate.m */; };
		4EDD84BD1DD00B4B001CEE8B /* ViewController.m in Sources */ = {isa = PBXBuildFile; fileRef = 4EDD84BC1DD00B4B001CEE8B /* ViewController.m */; };
		4EDD84C01DD00B4B001CEE8B /* Main.storyboard in Resources */ = {isa = PBXBuildFile; fileRef = 4EDD84BE1DD00B4B001CEE8B /* Main.storyboard */; };
		4EDD84C31DD00B4B001CEE8B /* HiddenTreasure.xcdatamodeld in Sources */ = {isa = PBXBuildFile; fileRef = 4EDD84C11DD00B4B001CEE8B /* HiddenTreasure.xcdatamodeld */; };
		4EDD84C51DD00B4B001CEE8B /* Assets.xcassets in Resources */ = {isa = PBXBuildFile; fileRef = 4EDD84C41DD00B4B001CEE8B /* Assets.xcassets */; };
		4EDD84C81DD00B4B001CEE8B /* LaunchScreen.storyboard in Resources */ = {isa = PBXBuildFile; fileRef = 4EDD84C61DD00B4B001CEE8B /* LaunchScreen.storyboard */; };
		4EDD84DD1DD013BD001CEE8B /* HTTutorialPageContentsViewController.m in Sources */ = {isa = PBXBuildFile; fileRef = 4EDD84DC1DD013BD001CEE8B /* HTTutorialPageContentsViewController.m */; };
		4EDD84E11DD035CE001CEE8B /* KeychainWrapper.m in Sources */ = {isa = PBXBuildFile; fileRef = 4EDD84E01DD035CE001CEE8B /* KeychainWrapper.m */; };
		4EDD84E41DD035D8001CEE8B /* Reachability.m in Sources */ = {isa = PBXBuildFile; fileRef = 4EDD84E31DD035D8001CEE8B /* Reachability.m */; };
		4EDD84E71DD0372E001CEE8B /* HTAuthenticationViewController.m in Sources */ = {isa = PBXBuildFile; fileRef = 4EDD84E61DD0372E001CEE8B /* HTAuthenticationViewController.m */; };
		4EDD84EA1DD0410F001CEE8B /* HTHideInfoViewController.m in Sources */ = {isa = PBXBuildFile; fileRef = 4EDD84E91DD0410F001CEE8B /* HTHideInfoViewController.m */; };
		4EDD84F31DD05235001CEE8B /* HTWebViewController.m in Sources */ = {isa = PBXBuildFile; fileRef = 4EDD84F21DD05235001CEE8B /* HTWebViewController.m */; };
		4EDD84F61DD0582C001CEE8B /* HTImageAlbumViewController.m in Sources */ = {isa = PBXBuildFile; fileRef = 4EDD84F51DD0582C001CEE8B /* HTImageAlbumViewController.m */; };
		4EDD84F91DD070B5001CEE8B /* HTImagePickerViewController.m in Sources */ = {isa = PBXBuildFile; fileRef = 4EDD84F81DD070B5001CEE8B /* HTImagePickerViewController.m */; };
		4EDD85081DD090AC001CEE8B /* FTAlbumLIstViewController.m in Sources */ = {isa = PBXBuildFile; fileRef = 4EDD84FC1DD090AC001CEE8B /* FTAlbumLIstViewController.m */; };
		4EDD85091DD090AC001CEE8B /* FTDetailView.m in Sources */ = {isa = PBXBuildFile; fileRef = 4EDD84FE1DD090AC001CEE8B /* FTDetailView.m */; };
		4EDD850A1DD090AC001CEE8B /* FTImagePicker.m in Sources */ = {isa = PBXBuildFile; fileRef = 4EDD85001DD090AC001CEE8B /* FTImagePicker.m */; };
		4EDD850B1DD090AC001CEE8B /* FTImagePickerAssets.xcassets in Resources */ = {isa = PBXBuildFile; fileRef = 4EDD85011DD090AC001CEE8B /* FTImagePickerAssets.xcassets */; };
		4EDD850C1DD090AC001CEE8B /* FTImagePickerCells.m in Sources */ = {isa = PBXBuildFile; fileRef = 4EDD85031DD090AC001CEE8B /* FTImagePickerCells.m */; };
		4EDD850D1DD090AC001CEE8B /* FTImagePickerStoryBoard.storyboard in Resources */ = {isa = PBXBuildFile; fileRef = 4EDD85041DD090AC001CEE8B /* FTImagePickerStoryBoard.storyboard */; };
		4EDD850E1DD090AC001CEE8B /* FTImagePickerViewController.m in Sources */ = {isa = PBXBuildFile; fileRef = 4EDD85061DD090AC001CEE8B /* FTImagePickerViewController.m */; };
		4EDD850F1DD090AC001CEE8B /* WorkingProcess in Resources */ = {isa = PBXBuildFile; fileRef = 4EDD85071DD090AC001CEE8B /* WorkingProcess */; };
/* End PBXBuildFile section */

/* Begin PBXFileReference section */
		4E110F4A1DD43FA3008E6F33 /* HTVideoAlbumViewController.h */ = {isa = PBXFileReference; fileEncoding = 4; lastKnownFileType = sourcecode.c.h; path = HTVideoAlbumViewController.h; sourceTree = "<group>"; };
		4E110F4B1DD43FA3008E6F33 /* HTVideoAlbumViewController.m */ = {isa = PBXFileReference; fileEncoding = 4; lastKnownFileType = sourcecode.c.objc; path = HTVideoAlbumViewController.m; sourceTree = "<group>"; };
		4E110F4D1DD4400E008E6F33 /* HTVideoPickerViewController.h */ = {isa = PBXFileReference; fileEncoding = 4; lastKnownFileType = sourcecode.c.h; path = HTVideoPickerViewController.h; sourceTree = "<group>"; };
		4E110F4E1DD4400E008E6F33 /* HTVideoPickerViewController.m */ = {isa = PBXFileReference; fileEncoding = 4; lastKnownFileType = sourcecode.c.objc; path = HTVideoPickerViewController.m; sourceTree = "<group>"; };
		4E2B26D31DD5CF9E00FF8266 /* HTMemoListViewController.h */ = {isa = PBXFileReference; fileEncoding = 4; lastKnownFileType = sourcecode.c.h; path = HTMemoListViewController.h; sourceTree = "<group>"; };
		4E2B26D41DD5CF9E00FF8266 /* HTMemoListViewController.m */ = {isa = PBXFileReference; fileEncoding = 4; lastKnownFileType = sourcecode.c.objc; path = HTMemoListViewController.m; sourceTree = "<group>"; };
		4E2B26D61DD5E29B00FF8266 /* HTMemoEditViewController.h */ = {isa = PBXFileReference; fileEncoding = 4; lastKnownFileType = sourcecode.c.h; path = HTMemoEditViewController.h; sourceTree = "<group>"; };
		4E2B26D71DD5E29B00FF8266 /* HTMemoEditViewController.m */ = {isa = PBXFileReference; fileEncoding = 4; lastKnownFileType = sourcecode.c.objc; path = HTMemoEditViewController.m; sourceTree = "<group>"; };
		4EDD84B21DD00B4B001CEE8B /* HiddenTreasure.app */ = {isa = PBXFileReference; explicitFileType = wrapper.application; includeInIndex = 0; path = HiddenTreasure.app; sourceTree = BUILT_PRODUCTS_DIR; };
		4EDD84B61DD00B4B001CEE8B /* main.m */ = {isa = PBXFileReference; lastKnownFileType = sourcecode.c.objc; path = main.m; sourceTree = "<group>"; };
		4EDD84B81DD00B4B001CEE8B /* AppDelegate.h */ = {isa = PBXFileReference; lastKnownFileType = sourcecode.c.h; path = AppDelegate.h; sourceTree = "<group>"; };
		4EDD84B91DD00B4B001CEE8B /* AppDelegate.m */ = {isa = PBXFileReference; lastKnownFileType = sourcecode.c.objc; path = AppDelegate.m; sourceTree = "<group>"; };
		4EDD84BB1DD00B4B001CEE8B /* ViewController.h */ = {isa = PBXFileReference; lastKnownFileType = sourcecode.c.h; path = ViewController.h; sourceTree = "<group>"; };
		4EDD84BC1DD00B4B001CEE8B /* ViewController.m */ = {isa = PBXFileReference; lastKnownFileType = sourcecode.c.objc; path = ViewController.m; sourceTree = "<group>"; };
		4EDD84BF1DD00B4B001CEE8B /* Base */ = {isa = PBXFileReference; lastKnownFileType = file.storyboard; name = Base; path = Base.lproj/Main.storyboard; sourceTree = "<group>"; };
		4EDD84C21DD00B4B001CEE8B /* HiddenTreasure.xcdatamodel */ = {isa = PBXFileReference; lastKnownFileType = wrapper.xcdatamodel; path = HiddenTreasure.xcdatamodel; sourceTree = "<group>"; };
		4EDD84C41DD00B4B001CEE8B /* Assets.xcassets */ = {isa = PBXFileReference; lastKnownFileType = folder.assetcatalog; path = Assets.xcassets; sourceTree = "<group>"; };
		4EDD84C71DD00B4B001CEE8B /* Base */ = {isa = PBXFileReference; lastKnownFileType = file.storyboard; name = Base; path = Base.lproj/LaunchScreen.storyboard; sourceTree = "<group>"; };
		4EDD84C91DD00B4B001CEE8B /* Info.plist */ = {isa = PBXFileReference; lastKnownFileType = text.plist.xml; path = Info.plist; sourceTree = "<group>"; };
		4EDD84DB1DD013BD001CEE8B /* HTTutorialPageContentsViewController.h */ = {isa = PBXFileReference; fileEncoding = 4; lastKnownFileType = sourcecode.c.h; path = HTTutorialPageContentsViewController.h; sourceTree = "<group>"; };
		4EDD84DC1DD013BD001CEE8B /* HTTutorialPageContentsViewController.m */ = {isa = PBXFileReference; fileEncoding = 4; lastKnownFileType = sourcecode.c.objc; path = HTTutorialPageContentsViewController.m; sourceTree = "<group>"; };
		4EDD84DF1DD035CE001CEE8B /* KeychainWrapper.h */ = {isa = PBXFileReference; fileEncoding = 4; lastKnownFileType = sourcecode.c.h; path = KeychainWrapper.h; sourceTree = "<group>"; };
		4EDD84E01DD035CE001CEE8B /* KeychainWrapper.m */ = {isa = PBXFileReference; fileEncoding = 4; lastKnownFileType = sourcecode.c.objc; path = KeychainWrapper.m; sourceTree = "<group>"; };
		4EDD84E21DD035D8001CEE8B /* Reachability.h */ = {isa = PBXFileReference; fileEncoding = 4; lastKnownFileType = sourcecode.c.h; path = Reachability.h; sourceTree = "<group>"; };
		4EDD84E31DD035D8001CEE8B /* Reachability.m */ = {isa = PBXFileReference; fileEncoding = 4; lastKnownFileType = sourcecode.c.objc; path = Reachability.m; sourceTree = "<group>"; };
		4EDD84E51DD0372E001CEE8B /* HTAuthenticationViewController.h */ = {isa = PBXFileReference; fileEncoding = 4; lastKnownFileType = sourcecode.c.h; path = HTAuthenticationViewController.h; sourceTree = "<group>"; };
		4EDD84E61DD0372E001CEE8B /* HTAuthenticationViewController.m */ = {isa = PBXFileReference; fileEncoding = 4; lastKnownFileType = sourcecode.c.objc; path = HTAuthenticationViewController.m; sourceTree = "<group>"; };
		4EDD84E81DD0410F001CEE8B /* HTHideInfoViewController.h */ = {isa = PBXFileReference; fileEncoding = 4; lastKnownFileType = sourcecode.c.h; path = HTHideInfoViewController.h; sourceTree = "<group>"; };
		4EDD84E91DD0410F001CEE8B /* HTHideInfoViewController.m */ = {isa = PBXFileReference; fileEncoding = 4; lastKnownFileType = sourcecode.c.objc; path = HTHideInfoViewController.m; sourceTree = "<group>"; };
		4EDD84F11DD05235001CEE8B /* HTWebViewController.h */ = {isa = PBXFileReference; fileEncoding = 4; lastKnownFileType = sourcecode.c.h; path = HTWebViewController.h; sourceTree = "<group>"; };
		4EDD84F21DD05235001CEE8B /* HTWebViewController.m */ = {isa = PBXFileReference; fileEncoding = 4; lastKnownFileType = sourcecode.c.objc; path = HTWebViewController.m; sourceTree = "<group>"; };
		4EDD84F41DD0582C001CEE8B /* HTImageAlbumViewController.h */ = {isa = PBXFileReference; fileEncoding = 4; lastKnownFileType = sourcecode.c.h; path = HTImageAlbumViewController.h; sourceTree = "<group>"; };
		4EDD84F51DD0582C001CEE8B /* HTImageAlbumViewController.m */ = {isa = PBXFileReference; fileEncoding = 4; lastKnownFileType = sourcecode.c.objc; path = HTImageAlbumViewController.m; sourceTree = "<group>"; };
		4EDD84F71DD070B5001CEE8B /* HTImagePickerViewController.h */ = {isa = PBXFileReference; fileEncoding = 4; lastKnownFileType = sourcecode.c.h; path = HTImagePickerViewController.h; sourceTree = "<group>"; };
		4EDD84F81DD070B5001CEE8B /* HTImagePickerViewController.m */ = {isa = PBXFileReference; fileEncoding = 4; lastKnownFileType = sourcecode.c.objc; path = HTImagePickerViewController.m; sourceTree = "<group>"; };
		4EDD84FB1DD090AC001CEE8B /* FTAlbumLIstViewController.h */ = {isa = PBXFileReference; fileEncoding = 4; lastKnownFileType = sourcecode.c.h; path = FTAlbumLIstViewController.h; sourceTree = "<group>"; };
		4EDD84FC1DD090AC001CEE8B /* FTAlbumLIstViewController.m */ = {isa = PBXFileReference; fileEncoding = 4; lastKnownFileType = sourcecode.c.objc; path = FTAlbumLIstViewController.m; sourceTree = "<group>"; };
		4EDD84FD1DD090AC001CEE8B /* FTDetailView.h */ = {isa = PBXFileReference; fileEncoding = 4; lastKnownFileType = sourcecode.c.h; path = FTDetailView.h; sourceTree = "<group>"; };
		4EDD84FE1DD090AC001CEE8B /* FTDetailView.m */ = {isa = PBXFileReference; fileEncoding = 4; lastKnownFileType = sourcecode.c.objc; path = FTDetailView.m; sourceTree = "<group>"; };
		4EDD84FF1DD090AC001CEE8B /* FTImagePicker.h */ = {isa = PBXFileReference; fileEncoding = 4; lastKnownFileType = sourcecode.c.h; path = FTImagePicker.h; sourceTree = "<group>"; };
		4EDD85001DD090AC001CEE8B /* FTImagePicker.m */ = {isa = PBXFileReference; fileEncoding = 4; lastKnownFileType = sourcecode.c.objc; path = FTImagePicker.m; sourceTree = "<group>"; };
		4EDD85011DD090AC001CEE8B /* FTImagePickerAssets.xcassets */ = {isa = PBXFileReference; lastKnownFileType = folder.assetcatalog; path = FTImagePickerAssets.xcassets; sourceTree = "<group>"; };
		4EDD85021DD090AC001CEE8B /* FTImagePickerCells.h */ = {isa = PBXFileReference; fileEncoding = 4; lastKnownFileType = sourcecode.c.h; path = FTImagePickerCells.h; sourceTree = "<group>"; };
		4EDD85031DD090AC001CEE8B /* FTImagePickerCells.m */ = {isa = PBXFileReference; fileEncoding = 4; lastKnownFileType = sourcecode.c.objc; path = FTImagePickerCells.m; sourceTree = "<group>"; };
		4EDD85041DD090AC001CEE8B /* FTImagePickerStoryBoard.storyboard */ = {isa = PBXFileReference; fileEncoding = 4; lastKnownFileType = file.storyboard; path = FTImagePickerStoryBoard.storyboard; sourceTree = "<group>"; };
		4EDD85051DD090AC001CEE8B /* FTImagePickerViewController.h */ = {isa = PBXFileReference; fileEncoding = 4; lastKnownFileType = sourcecode.c.h; path = FTImagePickerViewController.h; sourceTree = "<group>"; };
		4EDD85061DD090AC001CEE8B /* FTImagePickerViewController.m */ = {isa = PBXFileReference; fileEncoding = 4; lastKnownFileType = sourcecode.c.objc; path = FTImagePickerViewController.m; sourceTree = "<group>"; };
		4EDD85071DD090AC001CEE8B /* WorkingProcess */ = {isa = PBXFileReference; fileEncoding = 4; lastKnownFileType = text; path = WorkingProcess; sourceTree = "<group>"; };
/* End PBXFileReference section */

/* Begin PBXFrameworksBuildPhase section */
		4EDD84AF1DD00B4B001CEE8B /* Frameworks */ = {
			isa = PBXFrameworksBuildPhase;
			buildActionMask = 2147483647;
			files = (
			);
			runOnlyForDeploymentPostprocessing = 0;
		};
/* End PBXFrameworksBuildPhase section */

/* Begin PBXGroup section */
		4E110F471DD43F33008E6F33 /* HTImage */ = {
			isa = PBXGroup;
			children = (
				4EDD84F71DD070B5001CEE8B /* HTImagePickerViewController.h */,
				4EDD84F81DD070B5001CEE8B /* HTImagePickerViewController.m */,
				4EDD84F41DD0582C001CEE8B /* HTImageAlbumViewController.h */,
				4EDD84F51DD0582C001CEE8B /* HTImageAlbumViewController.m */,
			);
			name = HTImage;
			sourceTree = "<group>";
		};
		4E110F481DD43F4B008E6F33 /* HTWeb */ = {
			isa = PBXGroup;
			children = (
				4EDD84F11DD05235001CEE8B /* HTWebViewController.h */,
				4EDD84F21DD05235001CEE8B /* HTWebViewController.m */,
			);
			name = HTWeb;
			sourceTree = "<group>";
		};
		4E110F491DD43F78008E6F33 /* HTVideo */ = {
			isa = PBXGroup;
			children = (
				4E110F4A1DD43FA3008E6F33 /* HTVideoAlbumViewController.h */,
				4E110F4B1DD43FA3008E6F33 /* HTVideoAlbumViewController.m */,
				4E110F4D1DD4400E008E6F33 /* HTVideoPickerViewController.h */,
				4E110F4E1DD4400E008E6F33 /* HTVideoPickerViewController.m */,
			);
			name = HTVideo;
			sourceTree = "<group>";
		};
		4E2B26D91DD5E2AA00FF8266 /* HTMemo */ = {
			isa = PBXGroup;
			children = (
				4E2B26D61DD5E29B00FF8266 /* HTMemoEditViewController.h */,
				4E2B26D71DD5E29B00FF8266 /* HTMemoEditViewController.m */,
				4E2B26D31DD5CF9E00FF8266 /* HTMemoListViewController.h */,
				4E2B26D41DD5CF9E00FF8266 /* HTMemoListViewController.m */,
			);
			name = HTMemo;
			sourceTree = "<group>";
		};
		4EDD84A91DD00B4B001CEE8B = {
			isa = PBXGroup;
			children = (
				4EDD84B41DD00B4B001CEE8B /* HiddenTreasure */,
				4EDD84B31DD00B4B001CEE8B /* Products */,
			);
			sourceTree = "<group>";
		};
		4EDD84B31DD00B4B001CEE8B /* Products */ = {
			isa = PBXGroup;
			children = (
				4EDD84B21DD00B4B001CEE8B /* HiddenTreasure.app */,
			);
			name = Products;
			sourceTree = "<group>";
		};
		4EDD84B41DD00B4B001CEE8B /* HiddenTreasure */ = {
			isa = PBXGroup;
			children = (
				4EDD84FA1DD090AC001CEE8B /* FTImagePicker */,
				4EDD84DE1DD035AF001CEE8B /* HelpClasses */,
				4EDD84B81DD00B4B001CEE8B /* AppDelegate.h */,
				4EDD84B91DD00B4B001CEE8B /* AppDelegate.m */,
				4EDD84BB1DD00B4B001CEE8B /* ViewController.h */,
				4EDD84BC1DD00B4B001CEE8B /* ViewController.m */,
				4E110F491DD43F78008E6F33 /* HTVideo */,
				4E110F481DD43F4B008E6F33 /* HTWeb */,
				4E110F471DD43F33008E6F33 /* HTImage */,
				4EDD84BE1DD00B4B001CEE8B /* Main.storyboard */,
				4E2B26D91DD5E2AA00FF8266 /* HTMemo */,
				4EDD84E81DD0410F001CEE8B /* HTHideInfoViewController.h */,
				4EDD84E91DD0410F001CEE8B /* HTHideInfoViewController.m */,
				4EDD84E51DD0372E001CEE8B /* HTAuthenticationViewController.h */,
				4EDD84E61DD0372E001CEE8B /* HTAuthenticationViewController.m */,
				4EDD84DB1DD013BD001CEE8B /* HTTutorialPageContentsViewController.h */,
				4EDD84DC1DD013BD001CEE8B /* HTTutorialPageContentsViewController.m */,
				4EDD84C41DD00B4B001CEE8B /* Assets.xcassets */,
				4EDD84C61DD00B4B001CEE8B /* LaunchScreen.storyboard */,
				4EDD84C91DD00B4B001CEE8B /* Info.plist */,
				4EDD84C11DD00B4B001CEE8B /* HiddenTreasure.xcdatamodeld */,
				4EDD84B51DD00B4B001CEE8B /* Supporting Files */,
			);
			path = HiddenTreasure;
			sourceTree = "<group>";
		};
		4EDD84B51DD00B4B001CEE8B /* Supporting Files */ = {
			isa = PBXGroup;
			children = (
				4EDD84B61DD00B4B001CEE8B /* main.m */,
			);
			name = "Supporting Files";
			sourceTree = "<group>";
		};
		4EDD84DE1DD035AF001CEE8B /* HelpClasses */ = {
			isa = PBXGroup;
			children = (
				4EDD84DF1DD035CE001CEE8B /* KeychainWrapper.h */,
				4EDD84E01DD035CE001CEE8B /* KeychainWrapper.m */,
				4EDD84E21DD035D8001CEE8B /* Reachability.h */,
				4EDD84E31DD035D8001CEE8B /* Reachability.m */,
			);
			name = HelpClasses;
			sourceTree = "<group>";
		};
		4EDD84FA1DD090AC001CEE8B /* FTImagePicker */ = {
			isa = PBXGroup;
			children = (
				4EDD84FB1DD090AC001CEE8B /* FTAlbumLIstViewController.h */,
				4EDD84FC1DD090AC001CEE8B /* FTAlbumLIstViewController.m */,
				4EDD84FD1DD090AC001CEE8B /* FTDetailView.h */,
				4EDD84FE1DD090AC001CEE8B /* FTDetailView.m */,
				4EDD84FF1DD090AC001CEE8B /* FTImagePicker.h */,
				4EDD85001DD090AC001CEE8B /* FTImagePicker.m */,
				4EDD85011DD090AC001CEE8B /* FTImagePickerAssets.xcassets */,
				4EDD85021DD090AC001CEE8B /* FTImagePickerCells.h */,
				4EDD85031DD090AC001CEE8B /* FTImagePickerCells.m */,
				4EDD85041DD090AC001CEE8B /* FTImagePickerStoryBoard.storyboard */,
				4EDD85051DD090AC001CEE8B /* FTImagePickerViewController.h */,
				4EDD85061DD090AC001CEE8B /* FTImagePickerViewController.m */,
				4EDD85071DD090AC001CEE8B /* WorkingProcess */,
			);
			path = FTImagePicker;
			sourceTree = "<group>";
		};
/* End PBXGroup section */

/* Begin PBXNativeTarget section */
		4EDD84B11DD00B4B001CEE8B /* HiddenTreasure */ = {
			isa = PBXNativeTarget;
			buildConfigurationList = 4EDD84CC1DD00B4B001CEE8B /* Build configuration list for PBXNativeTarget "HiddenTreasure" */;
			buildPhases = (
				4EDD84AE1DD00B4B001CEE8B /* Sources */,
				4EDD84AF1DD00B4B001CEE8B /* Frameworks */,
				4EDD84B01DD00B4B001CEE8B /* Resources */,
			);
			buildRules = (
			);
			dependencies = (
			);
			name = HiddenTreasure;
			productName = HiddenTreasure;
			productReference = 4EDD84B21DD00B4B001CEE8B /* HiddenTreasure.app */;
			productType = "com.apple.product-type.application";
		};
/* End PBXNativeTarget section */

/* Begin PBXProject section */
		4EDD84AA1DD00B4B001CEE8B /* Project object */ = {
			isa = PBXProject;
			attributes = {
				LastUpgradeCheck = 0800;
				ORGANIZATIONNAME = Whybox1;
				TargetAttributes = {
					4EDD84B11DD00B4B001CEE8B = {
						CreatedOnToolsVersion = 8.0;
						DevelopmentTeam = PHWL2556FT;
						ProvisioningStyle = Automatic;
					};
				};
			};
			buildConfigurationList = 4EDD84AD1DD00B4B001CEE8B /* Build configuration list for PBXProject "HiddenTreasure" */;
			compatibilityVersion = "Xcode 3.2";
			developmentRegion = English;
			hasScannedForEncodings = 0;
			knownRegions = (
				en,
				Base,
			);
			mainGroup = 4EDD84A91DD00B4B001CEE8B;
			productRefGroup = 4EDD84B31DD00B4B001CEE8B /* Products */;
			projectDirPath = "";
			projectRoot = "";
			targets = (
				4EDD84B11DD00B4B001CEE8B /* HiddenTreasure */,
			);
		};
/* End PBXProject section */

/* Begin PBXResourcesBuildPhase section */
		4EDD84B01DD00B4B001CEE8B /* Resources */ = {
			isa = PBXResourcesBuildPhase;
			buildActionMask = 2147483647;
			files = (
				4EDD850F1DD090AC001CEE8B /* WorkingProcess in Resources */,
				4EDD84C81DD00B4B001CEE8B /* LaunchScreen.storyboard in Resources */,
				4EDD850D1DD090AC001CEE8B /* FTImagePickerStoryBoard.storyboard in Resources */,
				4EDD84C51DD00B4B001CEE8B /* Assets.xcassets in Resources */,
				4EDD850B1DD090AC001CEE8B /* FTImagePickerAssets.xcassets in Resources */,
				4EDD84C01DD00B4B001CEE8B /* Main.storyboard in Resources */,
			);
			runOnlyForDeploymentPostprocessing = 0;
		};
/* End PBXResourcesBuildPhase section */

/* Begin PBXSourcesBuildPhase section */
		4EDD84AE1DD00B4B001CEE8B /* Sources */ = {
			isa = PBXSourcesBuildPhase;
			buildActionMask = 2147483647;
			files = (
				4E2B26D81DD5E29B00FF8266 /* HTMemoEditViewController.m in Sources */,
				4EDD84BD1DD00B4B001CEE8B /* ViewController.m in Sources */,
				4EDD84BA1DD00B4B001CEE8B /* AppDelegate.m in Sources */,
				4E110F4F1DD4400E008E6F33 /* HTVideoPickerViewController.m in Sources */,
				4EDD850A1DD090AC001CEE8B /* FTImagePicker.m in Sources */,
				4EDD84C31DD00B4B001CEE8B /* HiddenTreasure.xcdatamodeld in Sources */,
				4EDD85091DD090AC001CEE8B /* FTDetailView.m in Sources */,
				4EDD84F61DD0582C001CEE8B /* HTImageAlbumViewController.m in Sources */,
				4EDD84F91DD070B5001CEE8B /* HTImagePickerViewController.m in Sources */,
				4EDD84F31DD05235001CEE8B /* HTWebViewController.m in Sources */,
				4EDD85081DD090AC001CEE8B /* FTAlbumLIstViewController.m in Sources */,
				4EDD84E41DD035D8001CEE8B /* Reachability.m in Sources */,
				4EDD84E71DD0372E001CEE8B /* HTAuthenticationViewController.m in Sources */,
				4EDD84E11DD035CE001CEE8B /* KeychainWrapper.m in Sources */,
				4EDD84B71DD00B4B001CEE8B /* main.m in Sources */,
				4EDD850E1DD090AC001CEE8B /* FTImagePickerViewController.m in Sources */,
				4E110F4C1DD43FA3008E6F33 /* HTVideoAlbumViewController.m in Sources */,
				4EDD850C1DD090AC001CEE8B /* FTImagePickerCells.m in Sources */,
				4EDD84DD1DD013BD001CEE8B /* HTTutorialPageContentsViewController.m in Sources */,
				4E2B26D51DD5CF9E00FF8266 /* HTMemoListViewController.m in Sources */,
				4EDD84EA1DD0410F001CEE8B /* HTHideInfoViewController.m in Sources */,
			);
			runOnlyForDeploymentPostprocessing = 0;
		};
/* End PBXSourcesBuildPhase section */

/* Begin PBXVariantGroup section */
		4EDD84BE1DD00B4B001CEE8B /* Main.storyboard */ = {
			isa = PBXVariantGroup;
			children = (
				4EDD84BF1DD00B4B001CEE8B /* Base */,
			);
			name = Main.storyboard;
			sourceTree = "<group>";
		};
		4EDD84C61DD00B4B001CEE8B /* LaunchScreen.storyboard */ = {
			isa = PBXVariantGroup;
			children = (
				4EDD84C71DD00B4B001CEE8B /* Base */,
			);
			name = LaunchScreen.storyboard;
			sourceTree = "<group>";
		};
/* End PBXVariantGroup section */

/* Begin XCBuildConfiguration section */
		4EDD84CA1DD00B4B001CEE8B /* Debug */ = {
			isa = XCBuildConfiguration;
			buildSettings = {
				ALWAYS_SEARCH_USER_PATHS = NO;
				CLANG_ANALYZER_NONNULL = YES;
				CLANG_CXX_LANGUAGE_STANDARD = "gnu++0x";
				CLANG_CXX_LIBRARY = "libc++";
				CLANG_ENABLE_MODULES = YES;
				CLANG_ENABLE_OBJC_ARC = YES;
				CLANG_WARN_BOOL_CONVERSION = YES;
				CLANG_WARN_CONSTANT_CONVERSION = YES;
				CLANG_WARN_DIRECT_OBJC_ISA_USAGE = YES_ERROR;
				CLANG_WARN_DOCUMENTATION_COMMENTS = YES;
				CLANG_WARN_EMPTY_BODY = YES;
				CLANG_WARN_ENUM_CONVERSION = YES;
				CLANG_WARN_INFINITE_RECURSION = YES;
				CLANG_WARN_INT_CONVERSION = YES;
				CLANG_WARN_OBJC_ROOT_CLASS = YES_ERROR;
				CLANG_WARN_SUSPICIOUS_MOVES = YES;
				CLANG_WARN_UNREACHABLE_CODE = YES;
				CLANG_WARN__DUPLICATE_METHOD_MATCH = YES;
				"CODE_SIGN_IDENTITY[sdk=iphoneos*]" = "iPhone Developer";
				COPY_PHASE_STRIP = NO;
				DEBUG_INFORMATION_FORMAT = dwarf;
				ENABLE_STRICT_OBJC_MSGSEND = YES;
				ENABLE_TESTABILITY = YES;
				GCC_C_LANGUAGE_STANDARD = gnu99;
				GCC_DYNAMIC_NO_PIC = NO;
				GCC_NO_COMMON_BLOCKS = YES;
				GCC_OPTIMIZATION_LEVEL = 0;
				GCC_PREPROCESSOR_DEFINITIONS = (
					"DEBUG=1",
					"$(inherited)",
				);
				GCC_WARN_64_TO_32_BIT_CONVERSION = YES;
				GCC_WARN_ABOUT_RETURN_TYPE = YES_ERROR;
				GCC_WARN_UNDECLARED_SELECTOR = YES;
				GCC_WARN_UNINITIALIZED_AUTOS = YES_AGGRESSIVE;
				GCC_WARN_UNUSED_FUNCTION = YES;
				GCC_WARN_UNUSED_VARIABLE = YES;
				IPHONEOS_DEPLOYMENT_TARGET = 10.0;
				MTL_ENABLE_DEBUG_INFO = YES;
				ONLY_ACTIVE_ARCH = YES;
				SDKROOT = iphoneos;
			};
			name = Debug;
		};
		4EDD84CB1DD00B4B001CEE8B /* Release */ = {
			isa = XCBuildConfiguration;
			buildSettings = {
				ALWAYS_SEARCH_USER_PATHS = NO;
				CLANG_ANALYZER_NONNULL = YES;
				CLANG_CXX_LANGUAGE_STANDARD = "gnu++0x";
				CLANG_CXX_LIBRARY = "libc++";
				CLANG_ENABLE_MODULES = YES;
				CLANG_ENABLE_OBJC_ARC = YES;
				CLANG_WARN_BOOL_CONVERSION = YES;
				CLANG_WARN_CONSTANT_CONVERSION = YES;
				CLANG_WARN_DIRECT_OBJC_ISA_USAGE = YES_ERROR;
				CLANG_WARN_DOCUMENTATION_COMMENTS = YES;
				CLANG_WARN_EMPTY_BODY = YES;
				CLANG_WARN_ENUM_CONVERSION = YES;
				CLANG_WARN_INFINITE_RECURSION = YES;
				CLANG_WARN_INT_CONVERSION = YES;
				CLANG_WARN_OBJC_ROOT_CLASS = YES_ERROR;
				CLANG_WARN_SUSPICIOUS_MOVES = YES;
				CLANG_WARN_UNREACHABLE_CODE = YES;
				CLANG_WARN__DUPLICATE_METHOD_MATCH = YES;
				"CODE_SIGN_IDENTITY[sdk=iphoneos*]" = "iPhone Developer";
				COPY_PHASE_STRIP = NO;
				DEBUG_INFORMATION_FORMAT = "dwarf-with-dsym";
				ENABLE_NS_ASSERTIONS = NO;
				ENABLE_STRICT_OBJC_MSGSEND = YES;
				GCC_C_LANGUAGE_STANDARD = gnu99;
				GCC_NO_COMMON_BLOCKS = YES;
				GCC_WARN_64_TO_32_BIT_CONVERSION = YES;
				GCC_WARN_ABOUT_RETURN_TYPE = YES_ERROR;
				GCC_WARN_UNDECLARED_SELECTOR = YES;
				GCC_WARN_UNINITIALIZED_AUTOS = YES_AGGRESSIVE;
				GCC_WARN_UNUSED_FUNCTION = YES;
				GCC_WARN_UNUSED_VARIABLE = YES;
				IPHONEOS_DEPLOYMENT_TARGET = 10.0;
				MTL_ENABLE_DEBUG_INFO = NO;
				SDKROOT = iphoneos;
				VALIDATE_PRODUCT = YES;
			};
			name = Release;
		};
		4EDD84CD1DD00B4B001CEE8B /* Debug */ = {
			isa = XCBuildConfiguration;
			buildSettings = {
				ASSETCATALOG_COMPILER_APPICON_NAME = AppIcon;
				DEVELOPMENT_TEAM = PHWL2556FT;
				INFOPLIST_FILE = HiddenTreasure/Info.plist;
				IPHONEOS_DEPLOYMENT_TARGET = 9.0;
				LD_RUNPATH_SEARCH_PATHS = "$(inherited) @executable_path/Frameworks";
				PRODUCT_BUNDLE_IDENTIFIER = com.namuwith.HiddenTreasure;
				PRODUCT_NAME = "$(TARGET_NAME)";
			};
			name = Debug;
		};
		4EDD84CE1DD00B4B001CEE8B /* Release */ = {
			isa = XCBuildConfiguration;
			buildSettings = {
				ASSETCATALOG_COMPILER_APPICON_NAME = AppIcon;
				DEVELOPMENT_TEAM = PHWL2556FT;
				INFOPLIST_FILE = HiddenTreasure/Info.plist;
				IPHONEOS_DEPLOYMENT_TARGET = 9.0;
				LD_RUNPATH_SEARCH_PATHS = "$(inherited) @executable_path/Frameworks";
				PRODUCT_BUNDLE_IDENTIFIER = com.namuwith.HiddenTreasure;
				PRODUCT_NAME = "$(TARGET_NAME)";
			};
			name = Release;
		};
/* End XCBuildConfiguration section */

/* Begin XCConfigurationList section */
		4EDD84AD1DD00B4B001CEE8B /* Build configuration list for PBXProject "HiddenTreasure" */ = {
			isa = XCConfigurationList;
			buildConfigurations = (
				4EDD84CA1DD00B4B001CEE8B /* Debug */,
				4EDD84CB1DD00B4B001CEE8B /* Release */,
			);
			defaultConfigurationIsVisible = 0;
			defaultConfigurationName = Release;
		};
		4EDD84CC1DD00B4B001CEE8B /* Build configuration list for PBXNativeTarget "HiddenTreasure" */ = {
			isa = XCConfigurationList;
			buildConfigurations = (
				4EDD84CD1DD00B4B001CEE8B /* Debug */,
				4EDD84CE1DD00B4B001CEE8B /* Release */,
			);
			defaultConfigurationIsVisible = 0;
			defaultConfigurationName = Release;
		};
/* End XCConfigurationList section */

/* Begin XCVersionGroup section */
		4EDD84C11DD00B4B001CEE8B /* HiddenTreasure.xcdatamodeld */ = {
			isa = XCVersionGroup;
			children = (
				4EDD84C21DD00B4B001CEE8B /* HiddenTreasure.xcdatamodel */,
			);
			currentVersion = 4EDD84C21DD00B4B001CEE8B /* HiddenTreasure.xcdatamodel */;
			path = HiddenTreasure.xcdatamodeld;
			sourceTree = "<group>";
			versionGroupType = wrapper.xcdatamodel;
		};
/* End XCVersionGroup section */
	};
	rootObject = 4EDD84AA1DD00B4B001CEE8B /* Project object */;
}
